{
  "name": "zui",
  "version": "1.0.0",
  "lockfileVersion": 2,
  "requires": true,
  "packages": {
    "": {
      "version": "1.0.0",
      "license": "GPL-3.0",
      "dependencies": {
        "jst": "github:SKYCRATE-ltd/jst#frontend",
        "maths": "github:SKYCRATE-ltd/maths",
        "zed": "github:SKYCRATE-ltd/zed"
      }
    },
    "node_modules/crux": {
      "version": "1.0.0",
      "resolved": "git+ssh://git@github.com/SKYCRATE-ltd/crux.git#a3bc5cd68e0b0a296fa62e698b06df877b3e1159",
      "license": "GPL-3.0"
    },
    "node_modules/jst": {
      "version": "1.0.0",
      "resolved": "git+ssh://git@github.com/SKYCRATE-ltd/jst.git#aa29d702727bc4d817a4c0d230daba11e09feb28",
      "license": "GPL-3.0"
    },
    "node_modules/maths": {
      "version": "1.0.0",
      "resolved": "git+ssh://git@github.com/SKYCRATE-ltd/maths.git#b2b1d90bc8be256bbeb959d6321f843d6934244a",
      "license": "GPL-3.0"
    },
    "node_modules/zed": {
      "version": "1.0.0",
      "resolved": "git+ssh://git@github.com/SKYCRATE-ltd/zed.git#c369b158e243c50c6f4b54fe6ad71d3db76beff9",
      "license": "GPL-3.0",
      "dependencies": {
        "crux": "github:SKYCRATE-ltd/crux"
      }
    }
  },
  "dependencies": {
    "crux": {
      "version": "git+ssh://git@github.com/SKYCRATE-ltd/crux.git#a3bc5cd68e0b0a296fa62e698b06df877b3e1159",
      "from": "crux@github:SKYCRATE-ltd/crux"
    },
    "jst": {
      "version": "git+ssh://git@github.com/SKYCRATE-ltd/jst.git#aa29d702727bc4d817a4c0d230daba11e09feb28",
      "from": "jst@github:SKYCRATE-ltd/jst#frontend"
    },
    "maths": {
      "version": "git+ssh://git@github.com/SKYCRATE-ltd/maths.git#b2b1d90bc8be256bbeb959d6321f843d6934244a",
      "from": "maths@github:SKYCRATE-ltd/maths"
    },
    "zed": {
      "version": "git+ssh://git@github.com/SKYCRATE-ltd/zed.git#c369b158e243c50c6f4b54fe6ad71d3db76beff9",
      "from": "zed@github:SKYCRATE-ltd/zed",
      "requires": {
        "crux": "github:SKYCRATE-ltd/crux"
      }
    }
  }
}
